
Microsoft Visual Studio Solution File, Format Version 12.00
# Visual Studio Version 17
VisualStudioVersion = 17.3.32804.467
MinimumVisualStudioVersion = 10.0.40219.1
Project("{2150E333-8FDC-42A3-9474-1A3956D46DE8}") = "Solution Items", "Solution Items", "{A72557B3-75E6-4DBF-8C7F-3E84F52126DE}"
	ProjectSection(SolutionItems) = preProject
		.gitignore = .gitignore
		.runsettings = .runsettings
		.config\dotnet-tools.json = .config\dotnet-tools.json
		global.json = global.json
		README.md = README.md
	EndProjectSection
	ProjectSection(FolderGlobals) = preProject
		C_5_4temp_4scratch_4ne1410s_4Av_4source_4stryker-config_1json__JsonSchema = str
	EndProjectSection
EndProject
Project("{2150E333-8FDC-42A3-9474-1A3956D46DE8}") = "Tests", "Tests", "{B7EE9859-475A-48F3-8030-11AFB5DD2425}"
EndProject
Project("{9A19103F-16F7-4668-BE54-9A1E7A4F7556}") = "Av", "Av\Av.csproj", "{77AC0829-42C6-4735-89A9-47BBFA24E446}"
EndProject
Project("{9A19103F-16F7-4668-BE54-9A1E7A4F7556}") = "Av.Abstractions", "Av.Abstractions\Av.Abstractions.csproj", "{A72A16D0-335C-454B-9F22-8D46961ABB33}"
EndProject
Project("{9A19103F-16F7-4668-BE54-9A1E7A4F7556}") = "Av.Imaging.SixLabors", "Av.Imaging.SixLabors\Av.Imaging.SixLabors.csproj", "{3DFD5A4C-F01A-4576-B7F4-2DB50311058E}"
EndProject
Project("{9A19103F-16F7-4668-BE54-9A1E7A4F7556}") = "Av.Imaging.SixLabors.Tests", "Av.Imaging.SixLabors.Tests\Av.Imaging.SixLabors.Tests.csproj", "{B68E008B-0D94-4D52-82E7-204CB25673DB}"
EndProject
Project("{9A19103F-16F7-4668-BE54-9A1E7A4F7556}") = "Av.Rendering.Ffmpeg", "Av.Rendering.Ffmpeg\Av.Rendering.Ffmpeg.csproj", "{F67F6FF0-A2A9-4B9D-8441-CC27FC6EA16B}"
EndProject
Project("{9A19103F-16F7-4668-BE54-9A1E7A4F7556}") = "Av.Rendering.Ffmpeg.Tests", "Av.Rendering.Ffmpeg.Tests\Av.Rendering.Ffmpeg.Tests.csproj", "{3F4BEA17-26C5-40D4-8CAC-C29A4CD8AFBA}"
EndProject
Project("{9A19103F-16F7-4668-BE54-9A1E7A4F7556}") = "Av.Tests", "Av.Tests\Av.Tests.csproj", "{242EC039-FDAD-4F64-A4D4-E907FE654DD6}"
EndProject
Project("{9A19103F-16F7-4668-BE54-9A1E7A4F7556}") = "AvCtl", "AvCtl\AvCtl.csproj", "{C625A6BD-B401-4A98-8410-E08E48F1EA3C}"
EndProject
Project("{9A19103F-16F7-4668-BE54-9A1E7A4F7556}") = "AvCtl.Tests", "AvCtl.Tests\AvCtl.Tests.csproj", "{3EE84B76-3459-4B8C-B7E7-7F8E40444DE9}"
EndProject
Global
	GlobalSection(SolutionConfigurationPlatforms) = preSolution
		Debug|Any CPU = Debug|Any CPU
		Release|Any CPU = Release|Any CPU
	EndGlobalSection
	GlobalSection(ProjectConfigurationPlatforms) = postSolution
		{77AC0829-42C6-4735-89A9-47BBFA24E446}.Debug|Any CPU.ActiveCfg = Debug|Any CPU
		{77AC0829-42C6-4735-89A9-47BBFA24E446}.Debug|Any CPU.Build.0 = Debug|Any CPU
		{77AC0829-42C6-4735-89A9-47BBFA24E446}.Release|Any CPU.ActiveCfg = Release|Any CPU
		{77AC0829-42C6-4735-89A9-47BBFA24E446}.Release|Any CPU.Build.0 = Release|Any CPU
		{A72A16D0-335C-454B-9F22-8D46961ABB33}.Debug|Any CPU.ActiveCfg = Debug|Any CPU
		{A72A16D0-335C-454B-9F22-8D46961ABB33}.Debug|Any CPU.Build.0 = Debug|Any CPU
		{A72A16D0-335C-454B-9F22-8D46961ABB33}.Release|Any CPU.ActiveCfg = Release|Any CPU
		{A72A16D0-335C-454B-9F22-8D46961ABB33}.Release|Any CPU.Build.0 = Release|Any CPU
		{3DFD5A4C-F01A-4576-B7F4-2DB50311058E}.Debug|Any CPU.ActiveCfg = Debug|Any CPU
		{3DFD5A4C-F01A-4576-B7F4-2DB50311058E}.Debug|Any CPU.Build.0 = Debug|Any CPU
		{3DFD5A4C-F01A-4576-B7F4-2DB50311058E}.Release|Any CPU.ActiveCfg = Release|Any CPU
		{3DFD5A4C-F01A-4576-B7F4-2DB50311058E}.Release|Any CPU.Build.0 = Release|Any CPU
		{B68E008B-0D94-4D52-82E7-204CB25673DB}.Debug|Any CPU.ActiveCfg = Debug|Any CPU
		{B68E008B-0D94-4D52-82E7-204CB25673DB}.Debug|Any CPU.Build.0 = Debug|Any CPU
		{B68E008B-0D94-4D52-82E7-204CB25673DB}.Release|Any CPU.ActiveCfg = Release|Any CPU
		{B68E008B-0D94-4D52-82E7-204CB25673DB}.Release|Any CPU.Build.0 = Release|Any CPU
		{F67F6FF0-A2A9-4B9D-8441-CC27FC6EA16B}.Debug|Any CPU.ActiveCfg = Debug|Any CPU
		{F67F6FF0-A2A9-4B9D-8441-CC27FC6EA16B}.Debug|Any CPU.Build.0 = Debug|Any CPU
		{F67F6FF0-A2A9-4B9D-8441-CC27FC6EA16B}.Release|Any CPU.ActiveCfg = Release|Any CPU
		{F67F6FF0-A2A9-4B9D-8441-CC27FC6EA16B}.Release|Any CPU.Build.0 = Release|Any CPU
		{3F4BEA17-26C5-40D4-8CAC-C29A4CD8AFBA}.Debug|Any CPU.ActiveCfg = Debug|Any CPU
		{3F4BEA17-26C5-40D4-8CAC-C29A4CD8AFBA}.Debug|Any CPU.Build.0 = Debug|Any CPU
		{3F4BEA17-26C5-40D4-8CAC-C29A4CD8AFBA}.Release|Any CPU.ActiveCfg = Release|Any CPU
		{3F4BEA17-26C5-40D4-8CAC-C29A4CD8AFBA}.Release|Any CPU.Build.0 = Release|Any CPU
		{242EC039-FDAD-4F64-A4D4-E907FE654DD6}.Debug|Any CPU.ActiveCfg = Debug|Any CPU
		{242EC039-FDAD-4F64-A4D4-E907FE654DD6}.Debug|Any CPU.Build.0 = Debug|Any CPU
		{242EC039-FDAD-4F64-A4D4-E907FE654DD6}.Release|Any CPU.ActiveCfg = Release|Any CPU
		{242EC039-FDAD-4F64-A4D4-E907FE654DD6}.Release|Any CPU.Build.0 = Release|Any CPU
		{C625A6BD-B401-4A98-8410-E08E48F1EA3C}.Debug|Any CPU.ActiveCfg = Debug|Any CPU
		{C625A6BD-B401-4A98-8410-E08E48F1EA3C}.Debug|Any CPU.Build.0 = Debug|Any CPU
		{C625A6BD-B401-4A98-8410-E08E48F1EA3C}.Release|Any CPU.ActiveCfg = Release|Any CPU
		{C625A6BD-B401-4A98-8410-E08E48F1EA3C}.Release|Any CPU.Build.0 = Release|Any CPU
		{3EE84B76-3459-4B8C-B7E7-7F8E40444DE9}.Debug|Any CPU.ActiveCfg = Debug|Any CPU
		{3EE84B76-3459-4B8C-B7E7-7F8E40444DE9}.Debug|Any CPU.Build.0 = Debug|Any CPU
		{3EE84B76-3459-4B8C-B7E7-7F8E40444DE9}.Release|Any CPU.ActiveCfg = Release|Any CPU
		{3EE84B76-3459-4B8C-B7E7-7F8E40444DE9}.Release|Any CPU.Build.0 = Release|Any CPU
	EndGlobalSection
	GlobalSection(SolutionProperties) = preSolution
		HideSolutionNode = FALSE
	EndGlobalSection
	GlobalSection(NestedProjects) = preSolution
		{B68E008B-0D94-4D52-82E7-204CB25673DB} = {B7EE9859-475A-48F3-8030-11AFB5DD2425}
		{3F4BEA17-26C5-40D4-8CAC-C29A4CD8AFBA} = {B7EE9859-475A-48F3-8030-11AFB5DD2425}
		{242EC039-FDAD-4F64-A4D4-E907FE654DD6} = {B7EE9859-475A-48F3-8030-11AFB5DD2425}
		{3EE84B76-3459-4B8C-B7E7-7F8E40444DE9} = {B7EE9859-475A-48F3-8030-11AFB5DD2425}
	EndGlobalSection
	GlobalSection(ExtensibilityGlobals) = postSolution
		SolutionGuid = {C62B4552-8822-4CC1-AAFD-26FB5EA2C21A}
	EndGlobalSection
EndGlobal
