
Microsoft Visual Studio Solution File, Format Version 12.00
# Visual Studio Version 17
VisualStudioVersion = 17.3.32804.467
MinimumVisualStudioVersion = 10.0.40219.1
Project("{9A19103F-16F7-4668-BE54-9A1E7A4F7556}") = "DemoLibrary", "DemoLibrary\DemoLibrary.csproj", "{77AC0829-42C6-4735-89A9-47BBFA24E446}"
EndProject
Project("{9A19103F-16F7-4668-BE54-9A1E7A4F7556}") = "DemoLibrary.Tests", "DemoLibrary.Tests\DemoLibrary.Tests.csproj", "{242EC039-FDAD-4F64-A4D4-E907FE654DD6}"
EndProject
Project("{2150E333-8FDC-42A3-9474-1A3956D46DE8}") = "Solution Items", "Solution Items", "{A72557B3-75E6-4DBF-8C7F-3E84F52126DE}"
	ProjectSection(SolutionItems) = preProject
		.editorconfig = .editorconfig
		.gitignore = .gitignore
		.config\dotnet-tools.json = .config\dotnet-tools.json
		global.json = global.json
		README.md = README.md
		stryker-config.json = stryker-config.json
	EndProjectSection
EndProject
Global
	GlobalSection(SolutionConfigurationPlatforms) = preSolution
		Debug|Any CPU = Debug|Any CPU
		Release|Any CPU = Release|Any CPU
	EndGlobalSection
	GlobalSection(ProjectConfigurationPlatforms) = postSolution
		{77AC0829-42C6-4735-89A9-47BBFA24E446}.Debug|Any CPU.ActiveCfg = Debug|Any CPU
		{77AC0829-42C6-4735-89A9-47BBFA24E446}.Debug|Any CPU.Build.0 = Debug|Any CPU
		{77AC0829-42C6-4735-89A9-47BBFA24E446}.Release|Any CPU.ActiveCfg = Release|Any CPU
		{77AC0829-42C6-4735-89A9-47BBFA24E446}.Release|Any CPU.Build.0 = Release|Any CPU
		{242EC039-FDAD-4F64-A4D4-E907FE654DD6}.Debug|Any CPU.ActiveCfg = Debug|Any CPU
		{242EC039-FDAD-4F64-A4D4-E907FE654DD6}.Debug|Any CPU.Build.0 = Debug|Any CPU
		{242EC039-FDAD-4F64-A4D4-E907FE654DD6}.Release|Any CPU.ActiveCfg = Release|Any CPU
		{242EC039-FDAD-4F64-A4D4-E907FE654DD6}.Release|Any CPU.Build.0 = Release|Any CPU
	EndGlobalSection
	GlobalSection(SolutionProperties) = preSolution
		HideSolutionNode = FALSE
	EndGlobalSection
	GlobalSection(ExtensibilityGlobals) = postSolution
		SolutionGuid = {C62B4552-8822-4CC1-AAFD-26FB5EA2C21A}
	EndGlobalSection
EndGlobal
